
Microsoft Visual Studio Solution File, Format Version 12.00
# Visual Studio Version 16
VisualStudioVersion = 16.0.29102.190
MinimumVisualStudioVersion = 10.0.40219.1
Project("{FAE04EC0-301F-11D3-BF4B-00C04F79EFBC}") = "SimpleCalculator", "SimpleCalculator\SimpleCalculator.csproj", "{78CB974B-2936-42BE-96A0-FE9AECFEBC34}"
EndProject
Global
	GlobalSection(SolutionConfigurationPlatforms) = preSolution
		Debug|Any CPU = Debug|Any CPU
		Release|Any CPU = Release|Any CPU
	EndGlobalSection
	GlobalSection(ProjectConfigurationPlatforms) = postSolution
		{78CB974B-2936-42BE-96A0-FE9AECFEBC34}.Debug|Any CPU.ActiveCfg = Debug|Any CPU
		{78CB974B-2936-42BE-96A0-FE9AECFEBC34}.Debug|Any CPU.Build.0 = Debug|Any CPU
		{78CB974B-2936-42BE-96A0-FE9AECFEBC34}.Release|Any CPU.ActiveCfg = Release|Any CPU
		{78CB974B-2936-42BE-96A0-FE9AECFEBC34}.Release|Any CPU.Build.0 = Release|Any CPU
	EndGlobalSection
	GlobalSection(SolutionProperties) = preSolution
		HideSolutionNode = FALSE
	EndGlobalSection
	GlobalSection(ExtensibilityGlobals) = postSolution
		SolutionGuid = {7187E1B2-EE35-49C6-B9BD-2EBCE60A7F83}
	EndGlobalSection
EndGlobal
